// !$*UTF8*$!
{
	archiveVersion = 1;
	classes = {
	};
	objectVersion = 50;
	objects = {

/* Begin PBXBuildFile section */
		8B9412B124F4CF2000C93ED2 /* AppDelegate.swift in Sources */ = {isa = PBXBuildFile; fileRef = 8B9412B024F4CF2000C93ED2 /* AppDelegate.swift */; };
		8B9412B324F4CF2000C93ED2 /* SceneDelegate.swift in Sources */ = {isa = PBXBuildFile; fileRef = 8B9412B224F4CF2000C93ED2 /* SceneDelegate.swift */; };
		8B9412B624F4CF2000C93ED2 /* CoreDataProject.xcdatamodeld in Sources */ = {isa = PBXBuildFile; fileRef = 8B9412B424F4CF2000C93ED2 /* CoreDataProject.xcdatamodeld */; };
		8B9412B824F4CF2000C93ED2 /* ContentView.swift in Sources */ = {isa = PBXBuildFile; fileRef = 8B9412B724F4CF2000C93ED2 /* ContentView.swift */; };
		8B9412BA24F4CF2300C93ED2 /* Assets.xcassets in Resources */ = {isa = PBXBuildFile; fileRef = 8B9412B924F4CF2300C93ED2 /* Assets.xcassets */; };
		8B9412BD24F4CF2300C93ED2 /* Preview Assets.xcassets in Resources */ = {isa = PBXBuildFile; fileRef = 8B9412BC24F4CF2300C93ED2 /* Preview Assets.xcassets */; };
		8B9412C024F4CF2300C93ED2 /* LaunchScreen.storyboard in Resources */ = {isa = PBXBuildFile; fileRef = 8B9412BE24F4CF2300C93ED2 /* LaunchScreen.storyboard */; };
		8B9BBE1B24F79879008D1280 /* README.md in Resources */ = {isa = PBXBuildFile; fileRef = 8B9BBE1A24F79878008D1280 /* README.md */; };
		8BC496F024F63C94004BA2CF /* Singer+CoreDataClass.swift in Sources */ = {isa = PBXBuildFile; fileRef = 8BC496EE24F63C94004BA2CF /* Singer+CoreDataClass.swift */; };
		8BC496F124F63C94004BA2CF /* Singer+CoreDataProperties.swift in Sources */ = {isa = PBXBuildFile; fileRef = 8BC496EF24F63C94004BA2CF /* Singer+CoreDataProperties.swift */; };
		8BC496F524F64461004BA2CF /* FilteredList.swift in Sources */ = {isa = PBXBuildFile; fileRef = 8BC496F424F64461004BA2CF /* FilteredList.swift */; };
/* End PBXBuildFile section */

/* Begin PBXFileReference section */
		8B9412AD24F4CF2000C93ED2 /* CoreDataProject.app */ = {isa = PBXFileReference; explicitFileType = wrapper.application; includeInIndex = 0; path = CoreDataProject.app; sourceTree = BUILT_PRODUCTS_DIR; };
		8B9412B024F4CF2000C93ED2 /* AppDelegate.swift */ = {isa = PBXFileReference; lastKnownFileType = sourcecode.swift; path = AppDelegate.swift; sourceTree = "<group>"; };
		8B9412B224F4CF2000C93ED2 /* SceneDelegate.swift */ = {isa = PBXFileReference; lastKnownFileType = sourcecode.swift; path = SceneDelegate.swift; sourceTree = "<group>"; };
		8B9412B524F4CF2000C93ED2 /* CoreDataProject.xcdatamodel */ = {isa = PBXFileReference; lastKnownFileType = wrapper.xcdatamodel; path = CoreDataProject.xcdatamodel; sourceTree = "<group>"; };
		8B9412B724F4CF2000C93ED2 /* ContentView.swift */ = {isa = PBXFileReference; lastKnownFileType = sourcecode.swift; path = ContentView.swift; sourceTree = "<group>"; };
		8B9412B924F4CF2300C93ED2 /* Assets.xcassets */ = {isa = PBXFileReference; lastKnownFileType = folder.assetcatalog; path = Assets.xcassets; sourceTree = "<group>"; };
		8B9412BC24F4CF2300C93ED2 /* Preview Assets.xcassets */ = {isa = PBXFileReference; lastKnownFileType = folder.assetcatalog; path = "Preview Assets.xcassets"; sourceTree = "<group>"; };
		8B9412BF24F4CF2300C93ED2 /* Base */ = {isa = PBXFileReference; lastKnownFileType = file.storyboard; name = Base; path = Base.lproj/LaunchScreen.storyboard; sourceTree = "<group>"; };
		8B9412C124F4CF2300C93ED2 /* Info.plist */ = {isa = PBXFileReference; lastKnownFileType = text.plist.xml; path = Info.plist; sourceTree = "<group>"; };
		8B9BBE1A24F79878008D1280 /* README.md */ = {isa = PBXFileReference; fileEncoding = 4; lastKnownFileType = net.daringfireball.markdown; path = README.md; sourceTree = "<group>"; };
		8BC496EE24F63C94004BA2CF /* Singer+CoreDataClass.swift */ = {isa = PBXFileReference; lastKnownFileType = sourcecode.swift; path = "Singer+CoreDataClass.swift"; sourceTree = "<group>"; };
		8BC496EF24F63C94004BA2CF /* Singer+CoreDataProperties.swift */ = {isa = PBXFileReference; lastKnownFileType = sourcecode.swift; path = "Singer+CoreDataProperties.swift"; sourceTree = "<group>"; };
		8BC496F424F64461004BA2CF /* FilteredList.swift */ = {isa = PBXFileReference; lastKnownFileType = sourcecode.swift; path = FilteredList.swift; sourceTree = "<group>"; };
/* End PBXFileReference section */

/* Begin PBXFrameworksBuildPhase section */
		8B9412AA24F4CF2000C93ED2 /* Frameworks */ = {
			isa = PBXFrameworksBuildPhase;
			buildActionMask = 2147483647;
			files = (
			);
			runOnlyForDeploymentPostprocessing = 0;
		};
/* End PBXFrameworksBuildPhase section */

/* Begin PBXGroup section */
		8B9412A424F4CF2000C93ED2 = {
			isa = PBXGroup;
			children = (
				8B9BBE1A24F79878008D1280 /* README.md */,
				8B9412AF24F4CF2000C93ED2 /* CoreDataProject */,
				8B9412AE24F4CF2000C93ED2 /* Products */,
			);
			sourceTree = "<group>";
		};
		8B9412AE24F4CF2000C93ED2 /* Products */ = {
			isa = PBXGroup;
			children = (
				8B9412AD24F4CF2000C93ED2 /* CoreDataProject.app */,
			);
			name = Products;
			sourceTree = "<group>";
		};
		8B9412AF24F4CF2000C93ED2 /* CoreDataProject */ = {
			isa = PBXGroup;
			children = (
				8BC496EE24F63C94004BA2CF /* Singer+CoreDataClass.swift */,
				8BC496EF24F63C94004BA2CF /* Singer+CoreDataProperties.swift */,
				8B9412B024F4CF2000C93ED2 /* AppDelegate.swift */,
				8B9412B224F4CF2000C93ED2 /* SceneDelegate.swift */,
				8B9412B724F4CF2000C93ED2 /* ContentView.swift */,
				8B9412B924F4CF2300C93ED2 /* Assets.xcassets */,
				8B9412BE24F4CF2300C93ED2 /* LaunchScreen.storyboard */,
				8B9412C124F4CF2300C93ED2 /* Info.plist */,
				8B9412B424F4CF2000C93ED2 /* CoreDataProject.xcdatamodeld */,
				8B9412BB24F4CF2300C93ED2 /* Preview Content */,
				8BC496F424F64461004BA2CF /* FilteredList.swift */,
			);
			path = CoreDataProject;
			sourceTree = "<group>";
		};
		8B9412BB24F4CF2300C93ED2 /* Preview Content */ = {
			isa = PBXGroup;
			children = (
				8B9412BC24F4CF2300C93ED2 /* Preview Assets.xcassets */,
			);
			path = "Preview Content";
			sourceTree = "<group>";
		};
/* End PBXGroup section */

/* Begin PBXNativeTarget section */
		8B9412AC24F4CF2000C93ED2 /* CoreDataProject */ = {
			isa = PBXNativeTarget;
			buildConfigurationList = 8B9412C424F4CF2300C93ED2 /* Build configuration list for PBXNativeTarget "CoreDataProject" */;
			buildPhases = (
				8B9412A924F4CF2000C93ED2 /* Sources */,
				8B9412AA24F4CF2000C93ED2 /* Frameworks */,
				8B9412AB24F4CF2000C93ED2 /* Resources */,
			);
			buildRules = (
			);
			dependencies = (
			);
			name = CoreDataProject;
			productName = CoreDataProject;
			productReference = 8B9412AD24F4CF2000C93ED2 /* CoreDataProject.app */;
			productType = "com.apple.product-type.application";
		};
/* End PBXNativeTarget section */

/* Begin PBXProject section */
		8B9412A524F4CF2000C93ED2 /* Project object */ = {
			isa = PBXProject;
			attributes = {
				LastSwiftUpdateCheck = 1160;
				LastUpgradeCheck = 1220;
				ORGANIZATIONNAME = "Paul Richardson";
				TargetAttributes = {
					8B9412AC24F4CF2000C93ED2 = {
						CreatedOnToolsVersion = 11.6;
					};
				};
			};
			buildConfigurationList = 8B9412A824F4CF2000C93ED2 /* Build configuration list for PBXProject "CoreDataProject" */;
			compatibilityVersion = "Xcode 9.3";
			developmentRegion = en;
			hasScannedForEncodings = 0;
			knownRegions = (
				en,
				Base,
			);
			mainGroup = 8B9412A424F4CF2000C93ED2;
			productRefGroup = 8B9412AE24F4CF2000C93ED2 /* Products */;
			projectDirPath = "";
			projectRoot = "";
			targets = (
				8B9412AC24F4CF2000C93ED2 /* CoreDataProject */,
			);
		};
/* End PBXProject section */

/* Begin PBXResourcesBuildPhase section */
		8B9412AB24F4CF2000C93ED2 /* Resources */ = {
			isa = PBXResourcesBuildPhase;
			buildActionMask = 2147483647;
			files = (
				8B9412C024F4CF2300C93ED2 /* LaunchScreen.storyboard in Resources */,
				8B9412BD24F4CF2300C93ED2 /* Preview Assets.xcassets in Resources */,
				8B9BBE1B24F79879008D1280 /* README.md in Resources */,
				8B9412BA24F4CF2300C93ED2 /* Assets.xcassets in Resources */,
			);
			runOnlyForDeploymentPostprocessing = 0;
		};
/* End PBXResourcesBuildPhase section */

/* Begin PBXSourcesBuildPhase section */
		8B9412A924F4CF2000C93ED2 /* Sources */ = {
			isa = PBXSourcesBuildPhase;
			buildActionMask = 2147483647;
			files = (
				8B9412B124F4CF2000C93ED2 /* AppDelegate.swift in Sources */,
				8BC496F124F63C94004BA2CF /* Singer+CoreDataProperties.swift in Sources */,
				8B9412B324F4CF2000C93ED2 /* SceneDelegate.swift in Sources */,
				8BC496F024F63C94004BA2CF /* Singer+CoreDataClass.swift in Sources */,
				8B9412B824F4CF2000C93ED2 /* ContentView.swift in Sources */,
				8B9412B624F4CF2000C93ED2 /* CoreDataProject.xcdatamodeld in Sources */,
				8BC496F524F64461004BA2CF /* FilteredList.swift in Sources */,
			);
			runOnlyForDeploymentPostprocessing = 0;
		};
/* End PBXSourcesBuildPhase section */

/* Begin PBXVariantGroup section */
		8B9412BE24F4CF2300C93ED2 /* LaunchScreen.storyboard */ = {
			isa = PBXVariantGroup;
			children = (
				8B9412BF24F4CF2300C93ED2 /* Base */,
			);
			name = LaunchScreen.storyboard;
			sourceTree = "<group>";
		};
/* End PBXVariantGroup section */

/* Begin XCBuildConfiguration section */
		8B9412C224F4CF2300C93ED2 /* Debug */ = {
			isa = XCBuildConfiguration;
			buildSettings = {
				ALWAYS_SEARCH_USER_PATHS = NO;
				CLANG_ANALYZER_NONNULL = YES;
				CLANG_ANALYZER_NUMBER_OBJECT_CONVERSION = YES_AGGRESSIVE;
				CLANG_CXX_LANGUAGE_STANDARD = "gnu++14";
				CLANG_CXX_LIBRARY = "libc++";
				CLANG_ENABLE_MODULES = YES;
				CLANG_ENABLE_OBJC_ARC = YES;
				CLANG_ENABLE_OBJC_WEAK = YES;
				CLANG_WARN_BLOCK_CAPTURE_AUTORELEASING = YES;
				CLANG_WARN_BOOL_CONVERSION = YES;
				CLANG_WARN_COMMA = YES;
				CLANG_WARN_CONSTANT_CONVERSION = YES;
				CLANG_WARN_DEPRECATED_OBJC_IMPLEMENTATIONS = YES;
				CLANG_WARN_DIRECT_OBJC_ISA_USAGE = YES_ERROR;
				CLANG_WARN_DOCUMENTATION_COMMENTS = YES;
				CLANG_WARN_EMPTY_BODY = YES;
				CLANG_WARN_ENUM_CONVERSION = YES;
				CLANG_WARN_INFINITE_RECURSION = YES;
				CLANG_WARN_INT_CONVERSION = YES;
				CLANG_WARN_NON_LITERAL_NULL_CONVERSION = YES;
				CLANG_WARN_OBJC_IMPLICIT_RETAIN_SELF = YES;
				CLANG_WARN_OBJC_LITERAL_CONVERSION = YES;
				CLANG_WARN_OBJC_ROOT_CLASS = YES_ERROR;
				CLANG_WARN_QUOTED_INCLUDE_IN_FRAMEWORK_HEADER = YES;
				CLANG_WARN_RANGE_LOOP_ANALYSIS = YES;
				CLANG_WARN_STRICT_PROTOTYPES = YES;
				CLANG_WARN_SUSPICIOUS_MOVE = YES;
				CLANG_WARN_UNGUARDED_AVAILABILITY = YES_AGGRESSIVE;
				CLANG_WARN_UNREACHABLE_CODE = YES;
				CLANG_WARN__DUPLICATE_METHOD_MATCH = YES;
				COPY_PHASE_STRIP = NO;
				DEBUG_INFORMATION_FORMAT = dwarf;
				ENABLE_STRICT_OBJC_MSGSEND = YES;
				ENABLE_TESTABILITY = YES;
				GCC_C_LANGUAGE_STANDARD = gnu11;
				GCC_DYNAMIC_NO_PIC = NO;
				GCC_NO_COMMON_BLOCKS = YES;
				GCC_OPTIMIZATION_LEVEL = 0;
				GCC_PREPROCESSOR_DEFINITIONS = (
					"DEBUG=1",
					"$(inherited)",
				);
				GCC_WARN_64_TO_32_BIT_CONVERSION = YES;
				GCC_WARN_ABOUT_RETURN_TYPE = YES_ERROR;
				GCC_WARN_UNDECLARED_SELECTOR = YES;
				GCC_WARN_UNINITIALIZED_AUTOS = YES_AGGRESSIVE;
				GCC_WARN_UNUSED_FUNCTION = YES;
				GCC_WARN_UNUSED_VARIABLE = YES;
				IPHONEOS_DEPLOYMENT_TARGET = 13.6;
				MTL_ENABLE_DEBUG_INFO = INCLUDE_SOURCE;
				MTL_FAST_MATH = YES;
				ONLY_ACTIVE_ARCH = YES;
				SDKROOT = iphoneos;
				SWIFT_ACTIVE_COMPILATION_CONDITIONS = DEBUG;
				SWIFT_OPTIMIZATION_LEVEL = "-Onone";
			};
			name = Debug;
		};
		8B9412C324F4CF2300C93ED2 /* Release */ = {
			isa = XCBuildConfiguration;
			buildSettings = {
				ALWAYS_SEARCH_USER_PATHS = NO;
				CLANG_ANALYZER_NONNULL = YES;
				CLANG_ANALYZER_NUMBER_OBJECT_CONVERSION = YES_AGGRESSIVE;
				CLANG_CXX_LANGUAGE_STANDARD = "gnu++14";
				CLANG_CXX_LIBRARY = "libc++";
				CLANG_ENABLE_MODULES = YES;
				CLANG_ENABLE_OBJC_ARC = YES;
				CLANG_ENABLE_OBJC_WEAK = YES;
				CLANG_WARN_BLOCK_CAPTURE_AUTORELEASING = YES;
				CLANG_WARN_BOOL_CONVERSION = YES;
				CLANG_WARN_COMMA = YES;
				CLANG_WARN_CONSTANT_CONVERSION = YES;
				CLANG_WARN_DEPRECATED_OBJC_IMPLEMENTATIONS = YES;
				CLANG_WARN_DIRECT_OBJC_ISA_USAGE = YES_ERROR;
				CLANG_WARN_DOCUMENTATION_COMMENTS = YES;
				CLANG_WARN_EMPTY_BODY = YES;
				CLANG_WARN_ENUM_CONVERSION = YES;
				CLANG_WARN_INFINITE_RECURSION = YES;
				CLANG_WARN_INT_CONVERSION = YES;
				CLANG_WARN_NON_LITERAL_NULL_CONVERSION = YES;
				CLANG_WARN_OBJC_IMPLICIT_RETAIN_SELF = YES;
				CLANG_WARN_OBJC_LITERAL_CONVERSION = YES;
				CLANG_WARN_OBJC_ROOT_CLASS = YES_ERROR;
				CLANG_WARN_QUOTED_INCLUDE_IN_FRAMEWORK_HEADER = YES;
				CLANG_WARN_RANGE_LOOP_ANALYSIS = YES;
				CLANG_WARN_STRICT_PROTOTYPES = YES;
				CLANG_WARN_SUSPICIOUS_MOVE = YES;
				CLANG_WARN_UNGUARDED_AVAILABILITY = YES_AGGRESSIVE;
				CLANG_WARN_UNREACHABLE_CODE = YES;
				CLANG_WARN__DUPLICATE_METHOD_MATCH = YES;
				COPY_PHASE_STRIP = NO;
				DEBUG_INFORMATION_FORMAT = "dwarf-with-dsym";
				ENABLE_NS_ASSERTIONS = NO;
				ENABLE_STRICT_OBJC_MSGSEND = YES;
				GCC_C_LANGUAGE_STANDARD = gnu11;
				GCC_NO_COMMON_BLOCKS = YES;
				GCC_WARN_64_TO_32_BIT_CONVERSION = YES;
				GCC_WARN_ABOUT_RETURN_TYPE = YES_ERROR;
				GCC_WARN_UNDECLARED_SELECTOR = YES;
				GCC_WARN_UNINITIALIZED_AUTOS = YES_AGGRESSIVE;
				GCC_WARN_UNUSED_FUNCTION = YES;
				GCC_WARN_UNUSED_VARIABLE = YES;
				IPHONEOS_DEPLOYMENT_TARGET = 13.6;
				MTL_ENABLE_DEBUG_INFO = NO;
				MTL_FAST_MATH = YES;
				SDKROOT = iphoneos;
				SWIFT_COMPILATION_MODE = wholemodule;
				SWIFT_OPTIMIZATION_LEVEL = "-O";
				VALIDATE_PRODUCT = YES;
			};
			name = Release;
		};
		8B9412C524F4CF2300C93ED2 /* Debug */ = {
			isa = XCBuildConfiguration;
			buildSettings = {
				ASSETCATALOG_COMPILER_APPICON_NAME = AppIcon;
				CODE_SIGN_STYLE = Automatic;
				DEVELOPMENT_ASSET_PATHS = "\"CoreDataProject/Preview Content\"";
				DEVELOPMENT_TEAM = UC6H82UP9B;
				ENABLE_PREVIEWS = YES;
				INFOPLIST_FILE = CoreDataProject/Info.plist;
				LD_RUNPATH_SEARCH_PATHS = (
					"$(inherited)",
					"@executable_path/Frameworks",
				);
				PRODUCT_BUNDLE_IDENTIFIER = com.plrichardson.CoreDataProject;
				PRODUCT_NAME = "$(TARGET_NAME)";
				SWIFT_VERSION = 5.0;
				TARGETED_DEVICE_FAMILY = "1,2";
			};
			name = Debug;
		};
		8B9412C624F4CF2300C93ED2 /* Release */ = {
			isa = XCBuildConfiguration;
			buildSettings = {
				ASSETCATALOG_COMPILER_APPICON_NAME = AppIcon;
				CODE_SIGN_STYLE = Automatic;
				DEVELOPMENT_ASSET_PATHS = "\"CoreDataProject/Preview Content\"";
				DEVELOPMENT_TEAM = UC6H82UP9B;
				ENABLE_PREVIEWS = YES;
				INFOPLIST_FILE = CoreDataProject/Info.plist;
				LD_RUNPATH_SEARCH_PATHS = (
					"$(inherited)",
					"@executable_path/Frameworks",
				);
				PRODUCT_BUNDLE_IDENTIFIER = com.plrichardson.CoreDataProject;
				PRODUCT_NAME = "$(TARGET_NAME)";
				SWIFT_VERSION = 5.0;
				TARGETED_DEVICE_FAMILY = "1,2";
			};
			name = Release;
		};
/* End XCBuildConfiguration section */

/* Begin XCConfigurationList section */
		8B9412A824F4CF2000C93ED2 /* Build configuration list for PBXProject "CoreDataProject" */ = {
			isa = XCConfigurationList;
			buildConfigurations = (
				8B9412C224F4CF2300C93ED2 /* Debug */,
				8B9412C324F4CF2300C93ED2 /* Release */,
			);
			defaultConfigurationIsVisible = 0;
			defaultConfigurationName = Release;
		};
		8B9412C424F4CF2300C93ED2 /* Build configuration list for PBXNativeTarget "CoreDataProject" */ = {
			isa = XCConfigurationList;
			buildConfigurations = (
				8B9412C524F4CF2300C93ED2 /* Debug */,
				8B9412C624F4CF2300C93ED2 /* Release */,
			);
			defaultConfigurationIsVisible = 0;
			defaultConfigurationName = Release;
		};
/* End XCConfigurationList section */

/* Begin XCVersionGroup section */
		8B9412B424F4CF2000C93ED2 /* CoreDataProject.xcdatamodeld */ = {
			isa = XCVersionGroup;
			children = (
				8B9412B524F4CF2000C93ED2 /* CoreDataProject.xcdatamodel */,
			);
			currentVersion = 8B9412B524F4CF2000C93ED2 /* CoreDataProject.xcdatamodel */;
			path = CoreDataProject.xcdatamodeld;
			sourceTree = "<group>";
			versionGroupType = wrapper.xcdatamodel;
		};
/* End XCVersionGroup section */
	};
	rootObject = 8B9412A524F4CF2000C93ED2 /* Project object */;
}
